// !$*UTF8*$!
{
	archiveVersion = 1;
	classes = {
	};
	objectVersion = 56;
	objects = {

/* Begin PBXBuildFile section */
		C81E759A2B3F7D9100F0DC6B /* AppDelegate.swift in Sources */ = {isa = PBXBuildFile; fileRef = C81E75992B3F7D9100F0DC6B /* AppDelegate.swift */; };
		C81E759C2B3F7D9100F0DC6B /* SceneDelegate.swift in Sources */ = {isa = PBXBuildFile; fileRef = C81E759B2B3F7D9100F0DC6B /* SceneDelegate.swift */; };
		C81E759E2B3F7D9100F0DC6B /* ViewController.swift in Sources */ = {isa = PBXBuildFile; fileRef = C81E759D2B3F7D9100F0DC6B /* ViewController.swift */; };
		C81E75A12B3F7D9100F0DC6B /* Main.storyboard in Resources */ = {isa = PBXBuildFile; fileRef = C81E759F2B3F7D9100F0DC6B /* Main.storyboard */; };
		C81E75A32B3F7D9200F0DC6B /* Assets.xcassets in Resources */ = {isa = PBXBuildFile; fileRef = C81E75A22B3F7D9200F0DC6B /* Assets.xcassets */; };
		C81E75A62B3F7D9200F0DC6B /* LaunchScreen.storyboard in Resources */ = {isa = PBXBuildFile; fileRef = C81E75A42B3F7D9200F0DC6B /* LaunchScreen.storyboard */; };
		C81E75B12B3F7D9200F0DC6B /* OfficialReachabilityDemoTests.swift in Sources */ = {isa = PBXBuildFile; fileRef = C81E75B02B3F7D9200F0DC6B /* OfficialReachabilityDemoTests.swift */; };
		C81E75BB2B3F7D9200F0DC6B /* OfficialReachabilityDemoUITests.swift in Sources */ = {isa = PBXBuildFile; fileRef = C81E75BA2B3F7D9200F0DC6B /* OfficialReachabilityDemoUITests.swift */; };
		C81E75BD2B3F7D9200F0DC6B /* OfficialReachabilityDemoUITestsLaunchTests.swift in Sources */ = {isa = PBXBuildFile; fileRef = C81E75BC2B3F7D9200F0DC6B /* OfficialReachabilityDemoUITestsLaunchTests.swift */; };
		C81E75CB2B3F7DF200F0DC6B /* Reachability in Frameworks */ = {isa = PBXBuildFile; productRef = C81E75CA2B3F7DF200F0DC6B /* Reachability */; };
/* End PBXBuildFile section */

/* Begin PBXContainerItemProxy section */
		C81E75AD2B3F7D9200F0DC6B /* PBXContainerItemProxy */ = {
			isa = PBXContainerItemProxy;
			containerPortal = C81E758E2B3F7D9100F0DC6B /* Project object */;
			proxyType = 1;
			remoteGlobalIDString = C81E75952B3F7D9100F0DC6B;
			remoteInfo = OfficialReachabilityDemo;
		};
		C81E75B72B3F7D9200F0DC6B /* PBXContainerItemProxy */ = {
			isa = PBXContainerItemProxy;
			containerPortal = C81E758E2B3F7D9100F0DC6B /* Project object */;
			proxyType = 1;
			remoteGlobalIDString = C81E75952B3F7D9100F0DC6B;
			remoteInfo = OfficialReachabilityDemo;
		};
/* End PBXContainerItemProxy section */

/* Begin PBXFileReference section */
		C81E75962B3F7D9100F0DC6B /* OfficialReachabilityDemo.app */ = {isa = PBXFileReference; explicitFileType = wrapper.application; includeInIndex = 0; path = OfficialReachabilityDemo.app; sourceTree = BUILT_PRODUCTS_DIR; };
		C81E75992B3F7D9100F0DC6B /* AppDelegate.swift */ = {isa = PBXFileReference; lastKnownFileType = sourcecode.swift; path = AppDelegate.swift; sourceTree = "<group>"; };
		C81E759B2B3F7D9100F0DC6B /* SceneDelegate.swift */ = {isa = PBXFileReference; lastKnownFileType = sourcecode.swift; path = SceneDelegate.swift; sourceTree = "<group>"; };
		C81E759D2B3F7D9100F0DC6B /* ViewController.swift */ = {isa = PBXFileReference; lastKnownFileType = sourcecode.swift; path = ViewController.swift; sourceTree = "<group>"; };
		C81E75A02B3F7D9100F0DC6B /* Base */ = {isa = PBXFileReference; lastKnownFileType = file.storyboard; name = Base; path = Base.lproj/Main.storyboard; sourceTree = "<group>"; };
		C81E75A22B3F7D9200F0DC6B /* Assets.xcassets */ = {isa = PBXFileReference; lastKnownFileType = folder.assetcatalog; path = Assets.xcassets; sourceTree = "<group>"; };
		C81E75A52B3F7D9200F0DC6B /* Base */ = {isa = PBXFileReference; lastKnownFileType = file.storyboard; name = Base; path = Base.lproj/LaunchScreen.storyboard; sourceTree = "<group>"; };
		C81E75A72B3F7D9200F0DC6B /* Info.plist */ = {isa = PBXFileReference; lastKnownFileType = text.plist.xml; path = Info.plist; sourceTree = "<group>"; };
		C81E75AC2B3F7D9200F0DC6B /* OfficialReachabilityDemoTests.xctest */ = {isa = PBXFileReference; explicitFileType = wrapper.cfbundle; includeInIndex = 0; path = OfficialReachabilityDemoTests.xctest; sourceTree = BUILT_PRODUCTS_DIR; };
		C81E75B02B3F7D9200F0DC6B /* OfficialReachabilityDemoTests.swift */ = {isa = PBXFileReference; lastKnownFileType = sourcecode.swift; path = OfficialReachabilityDemoTests.swift; sourceTree = "<group>"; };
		C81E75B62B3F7D9200F0DC6B /* OfficialReachabilityDemoUITests.xctest */ = {isa = PBXFileReference; explicitFileType = wrapper.cfbundle; includeInIndex = 0; path = OfficialReachabilityDemoUITests.xctest; sourceTree = BUILT_PRODUCTS_DIR; };
		C81E75BA2B3F7D9200F0DC6B /* OfficialReachabilityDemoUITests.swift */ = {isa = PBXFileReference; lastKnownFileType = sourcecode.swift; path = OfficialReachabilityDemoUITests.swift; sourceTree = "<group>"; };
		C81E75BC2B3F7D9200F0DC6B /* OfficialReachabilityDemoUITestsLaunchTests.swift */ = {isa = PBXFileReference; lastKnownFileType = sourcecode.swift; path = OfficialReachabilityDemoUITestsLaunchTests.swift; sourceTree = "<group>"; };
/* End PBXFileReference section */

/* Begin PBXFrameworksBuildPhase section */
		C81E75932B3F7D9100F0DC6B /* Frameworks */ = {
			isa = PBXFrameworksBuildPhase;
			buildActionMask = 2147483647;
			files = (
				C81E75CB2B3F7DF200F0DC6B /* Reachability in Frameworks */,
			);
			runOnlyForDeploymentPostprocessing = 0;
		};
		C81E75A92B3F7D9200F0DC6B /* Frameworks */ = {
			isa = PBXFrameworksBuildPhase;
			buildActionMask = 2147483647;
			files = (
			);
			runOnlyForDeploymentPostprocessing = 0;
		};
		C81E75B32B3F7D9200F0DC6B /* Frameworks */ = {
			isa = PBXFrameworksBuildPhase;
			buildActionMask = 2147483647;
			files = (
			);
			runOnlyForDeploymentPostprocessing = 0;
		};
/* End PBXFrameworksBuildPhase section */

/* Begin PBXGroup section */
		C81E758D2B3F7D9100F0DC6B = {
			isa = PBXGroup;
			children = (
				C81E75982B3F7D9100F0DC6B /* OfficialReachabilityDemo */,
				C81E75AF2B3F7D9200F0DC6B /* OfficialReachabilityDemoTests */,
				C81E75B92B3F7D9200F0DC6B /* OfficialReachabilityDemoUITests */,
				C81E75972B3F7D9100F0DC6B /* Products */,
			);
			sourceTree = "<group>";
		};
		C81E75972B3F7D9100F0DC6B /* Products */ = {
			isa = PBXGroup;
			children = (
				C81E75962B3F7D9100F0DC6B /* OfficialReachabilityDemo.app */,
				C81E75AC2B3F7D9200F0DC6B /* OfficialReachabilityDemoTests.xctest */,
				C81E75B62B3F7D9200F0DC6B /* OfficialReachabilityDemoUITests.xctest */,
			);
			name = Products;
			sourceTree = "<group>";
		};
		C81E75982B3F7D9100F0DC6B /* OfficialReachabilityDemo */ = {
			isa = PBXGroup;
			children = (
				C81E75992B3F7D9100F0DC6B /* AppDelegate.swift */,
				C81E759B2B3F7D9100F0DC6B /* SceneDelegate.swift */,
				C81E759D2B3F7D9100F0DC6B /* ViewController.swift */,
				C81E759F2B3F7D9100F0DC6B /* Main.storyboard */,
				C81E75A22B3F7D9200F0DC6B /* Assets.xcassets */,
				C81E75A42B3F7D9200F0DC6B /* LaunchScreen.storyboard */,
				C81E75A72B3F7D9200F0DC6B /* Info.plist */,
			);
			path = OfficialReachabilityDemo;
			sourceTree = "<group>";
		};
		C81E75AF2B3F7D9200F0DC6B /* OfficialReachabilityDemoTests */ = {
			isa = PBXGroup;
			children = (
				C81E75B02B3F7D9200F0DC6B /* OfficialReachabilityDemoTests.swift */,
			);
			path = OfficialReachabilityDemoTests;
			sourceTree = "<group>";
		};
		C81E75B92B3F7D9200F0DC6B /* OfficialReachabilityDemoUITests */ = {
			isa = PBXGroup;
			children = (
				C81E75BA2B3F7D9200F0DC6B /* OfficialReachabilityDemoUITests.swift */,
				C81E75BC2B3F7D9200F0DC6B /* OfficialReachabilityDemoUITestsLaunchTests.swift */,
			);
			path = OfficialReachabilityDemoUITests;
			sourceTree = "<group>";
		};
/* End PBXGroup section */

/* Begin PBXNativeTarget section */
		C81E75952B3F7D9100F0DC6B /* OfficialReachabilityDemo */ = {
			isa = PBXNativeTarget;
			buildConfigurationList = C81E75C02B3F7D9200F0DC6B /* Build configuration list for PBXNativeTarget "OfficialReachabilityDemo" */;
			buildPhases = (
				C81E75922B3F7D9100F0DC6B /* Sources */,
				C81E75932B3F7D9100F0DC6B /* Frameworks */,
				C81E75942B3F7D9100F0DC6B /* Resources */,
			);
			buildRules = (
			);
			dependencies = (
			);
			name = OfficialReachabilityDemo;
			packageProductDependencies = (
				C81E75CA2B3F7DF200F0DC6B /* Reachability */,
			);
			productName = OfficialReachabilityDemo;
			productReference = C81E75962B3F7D9100F0DC6B /* OfficialReachabilityDemo.app */;
			productType = "com.apple.product-type.application";
		};
		C81E75AB2B3F7D9200F0DC6B /* OfficialReachabilityDemoTests */ = {
			isa = PBXNativeTarget;
			buildConfigurationList = C81E75C32B3F7D9200F0DC6B /* Build configuration list for PBXNativeTarget "OfficialReachabilityDemoTests" */;
			buildPhases = (
				C81E75A82B3F7D9200F0DC6B /* Sources */,
				C81E75A92B3F7D9200F0DC6B /* Frameworks */,
				C81E75AA2B3F7D9200F0DC6B /* Resources */,
			);
			buildRules = (
			);
			dependencies = (
				C81E75AE2B3F7D9200F0DC6B /* PBXTargetDependency */,
			);
			name = OfficialReachabilityDemoTests;
			productName = OfficialReachabilityDemoTests;
			productReference = C81E75AC2B3F7D9200F0DC6B /* OfficialReachabilityDemoTests.xctest */;
			productType = "com.apple.product-type.bundle.unit-test";
		};
		C81E75B52B3F7D9200F0DC6B /* OfficialReachabilityDemoUITests */ = {
			isa = PBXNativeTarget;
			buildConfigurationList = C81E75C62B3F7D9200F0DC6B /* Build configuration list for PBXNativeTarget "OfficialReachabilityDemoUITests" */;
			buildPhases = (
				C81E75B22B3F7D9200F0DC6B /* Sources */,
				C81E75B32B3F7D9200F0DC6B /* Frameworks */,
				C81E75B42B3F7D9200F0DC6B /* Resources */,
			);
			buildRules = (
			);
			dependencies = (
				C81E75B82B3F7D9200F0DC6B /* PBXTargetDependency */,
			);
			name = OfficialReachabilityDemoUITests;
			productName = OfficialReachabilityDemoUITests;
			productReference = C81E75B62B3F7D9200F0DC6B /* OfficialReachabilityDemoUITests.xctest */;
			productType = "com.apple.product-type.bundle.ui-testing";
		};
/* End PBXNativeTarget section */

/* Begin PBXProject section */
		C81E758E2B3F7D9100F0DC6B /* Project object */ = {
			isa = PBXProject;
			attributes = {
				BuildIndependentTargetsInParallel = 1;
				LastSwiftUpdateCheck = 1430;
				LastUpgradeCheck = 1430;
				TargetAttributes = {
					C81E75952B3F7D9100F0DC6B = {
						CreatedOnToolsVersion = 14.3;
					};
					C81E75AB2B3F7D9200F0DC6B = {
						CreatedOnToolsVersion = 14.3;
						TestTargetID = C81E75952B3F7D9100F0DC6B;
					};
					C81E75B52B3F7D9200F0DC6B = {
						CreatedOnToolsVersion = 14.3;
						TestTargetID = C81E75952B3F7D9100F0DC6B;
					};
				};
			};
			buildConfigurationList = C81E75912B3F7D9100F0DC6B /* Build configuration list for PBXProject "OfficialReachabilityDemo" */;
			compatibilityVersion = "Xcode 14.0";
			developmentRegion = en;
			hasScannedForEncodings = 0;
			knownRegions = (
				en,
				Base,
			);
			mainGroup = C81E758D2B3F7D9100F0DC6B;
			packageReferences = (
				C81E75C92B3F7DF200F0DC6B /* XCRemoteSwiftPackageReference "Reachability" */,
			);
			productRefGroup = C81E75972B3F7D9100F0DC6B /* Products */;
			projectDirPath = "";
			projectRoot = "";
			targets = (
				C81E75952B3F7D9100F0DC6B /* OfficialReachabilityDemo */,
				C81E75AB2B3F7D9200F0DC6B /* OfficialReachabilityDemoTests */,
				C81E75B52B3F7D9200F0DC6B /* OfficialReachabilityDemoUITests */,
			);
		};
/* End PBXProject section */

/* Begin PBXResourcesBuildPhase section */
		C81E75942B3F7D9100F0DC6B /* Resources */ = {
			isa = PBXResourcesBuildPhase;
			buildActionMask = 2147483647;
			files = (
				C81E75A62B3F7D9200F0DC6B /* LaunchScreen.storyboard in Resources */,
				C81E75A32B3F7D9200F0DC6B /* Assets.xcassets in Resources */,
				C81E75A12B3F7D9100F0DC6B /* Main.storyboard in Resources */,
			);
			runOnlyForDeploymentPostprocessing = 0;
		};
		C81E75AA2B3F7D9200F0DC6B /* Resources */ = {
			isa = PBXResourcesBuildPhase;
			buildActionMask = 2147483647;
			files = (
			);
			runOnlyForDeploymentPostprocessing = 0;
		};
		C81E75B42B3F7D9200F0DC6B /* Resources */ = {
			isa = PBXResourcesBuildPhase;
			buildActionMask = 2147483647;
			files = (
			);
			runOnlyForDeploymentPostprocessing = 0;
		};
/* End PBXResourcesBuildPhase section */

/* Begin PBXSourcesBuildPhase section */
		C81E75922B3F7D9100F0DC6B /* Sources */ = {
			isa = PBXSourcesBuildPhase;
			buildActionMask = 2147483647;
			files = (
				C81E759E2B3F7D9100F0DC6B /* ViewController.swift in Sources */,
				C81E759A2B3F7D9100F0DC6B /* AppDelegate.swift in Sources */,
				C81E759C2B3F7D9100F0DC6B /* SceneDelegate.swift in Sources */,
			);
			runOnlyForDeploymentPostprocessing = 0;
		};
		C81E75A82B3F7D9200F0DC6B /* Sources */ = {
			isa = PBXSourcesBuildPhase;
			buildActionMask = 2147483647;
			files = (
				C81E75B12B3F7D9200F0DC6B /* OfficialReachabilityDemoTests.swift in Sources */,
			);
			runOnlyForDeploymentPostprocessing = 0;
		};
		C81E75B22B3F7D9200F0DC6B /* Sources */ = {
			isa = PBXSourcesBuildPhase;
			buildActionMask = 2147483647;
			files = (
				C81E75BB2B3F7D9200F0DC6B /* OfficialReachabilityDemoUITests.swift in Sources */,
				C81E75BD2B3F7D9200F0DC6B /* OfficialReachabilityDemoUITestsLaunchTests.swift in Sources */,
			);
			runOnlyForDeploymentPostprocessing = 0;
		};
/* End PBXSourcesBuildPhase section */

/* Begin PBXTargetDependency section */
		C81E75AE2B3F7D9200F0DC6B /* PBXTargetDependency */ = {
			isa = PBXTargetDependency;
			target = C81E75952B3F7D9100F0DC6B /* OfficialReachabilityDemo */;
			targetProxy = C81E75AD2B3F7D9200F0DC6B /* PBXContainerItemProxy */;
		};
		C81E75B82B3F7D9200F0DC6B /* PBXTargetDependency */ = {
			isa = PBXTargetDependency;
			target = C81E75952B3F7D9100F0DC6B /* OfficialReachabilityDemo */;
			targetProxy = C81E75B72B3F7D9200F0DC6B /* PBXContainerItemProxy */;
		};
/* End PBXTargetDependency section */

/* Begin PBXVariantGroup section */
		C81E759F2B3F7D9100F0DC6B /* Main.storyboard */ = {
			isa = PBXVariantGroup;
			children = (
				C81E75A02B3F7D9100F0DC6B /* Base */,
			);
			name = Main.storyboard;
			sourceTree = "<group>";
		};
		C81E75A42B3F7D9200F0DC6B /* LaunchScreen.storyboard */ = {
			isa = PBXVariantGroup;
			children = (
				C81E75A52B3F7D9200F0DC6B /* Base */,
			);
			name = LaunchScreen.storyboard;
			sourceTree = "<group>";
		};
/* End PBXVariantGroup section */

/* Begin XCBuildConfiguration section */
		C81E75BE2B3F7D9200F0DC6B /* Debug */ = {
			isa = XCBuildConfiguration;
			buildSettings = {
				ALWAYS_SEARCH_USER_PATHS = NO;
				CLANG_ANALYZER_NONNULL = YES;
				CLANG_ANALYZER_NUMBER_OBJECT_CONVERSION = YES_AGGRESSIVE;
				CLANG_CXX_LANGUAGE_STANDARD = "gnu++20";
				CLANG_ENABLE_MODULES = YES;
				CLANG_ENABLE_OBJC_ARC = YES;
				CLANG_ENABLE_OBJC_WEAK = YES;
				CLANG_WARN_BLOCK_CAPTURE_AUTORELEASING = YES;
				CLANG_WARN_BOOL_CONVERSION = YES;
				CLANG_WARN_COMMA = YES;
				CLANG_WARN_CONSTANT_CONVERSION = YES;
				CLANG_WARN_DEPRECATED_OBJC_IMPLEMENTATIONS = YES;
				CLANG_WARN_DIRECT_OBJC_ISA_USAGE = YES_ERROR;
				CLANG_WARN_DOCUMENTATION_COMMENTS = YES;
				CLANG_WARN_EMPTY_BODY = YES;
				CLANG_WARN_ENUM_CONVERSION = YES;
				CLANG_WARN_INFINITE_RECURSION = YES;
				CLANG_WARN_INT_CONVERSION = YES;
				CLANG_WARN_NON_LITERAL_NULL_CONVERSION = YES;
				CLANG_WARN_OBJC_IMPLICIT_RETAIN_SELF = YES;
				CLANG_WARN_OBJC_LITERAL_CONVERSION = YES;
				CLANG_WARN_OBJC_ROOT_CLASS = YES_ERROR;
				CLANG_WARN_QUOTED_INCLUDE_IN_FRAMEWORK_HEADER = YES;
				CLANG_WARN_RANGE_LOOP_ANALYSIS = YES;
				CLANG_WARN_STRICT_PROTOTYPES = YES;
				CLANG_WARN_SUSPICIOUS_MOVE = YES;
				CLANG_WARN_UNGUARDED_AVAILABILITY = YES_AGGRESSIVE;
				CLANG_WARN_UNREACHABLE_CODE = YES;
				CLANG_WARN__DUPLICATE_METHOD_MATCH = YES;
				COPY_PHASE_STRIP = NO;
				DEBUG_INFORMATION_FORMAT = dwarf;
				ENABLE_STRICT_OBJC_MSGSEND = YES;
				ENABLE_TESTABILITY = YES;
				GCC_C_LANGUAGE_STANDARD = gnu11;
				GCC_DYNAMIC_NO_PIC = NO;
				GCC_NO_COMMON_BLOCKS = YES;
				GCC_OPTIMIZATION_LEVEL = 0;
				GCC_PREPROCESSOR_DEFINITIONS = (
					"DEBUG=1",
					"$(inherited)",
				);
				GCC_WARN_64_TO_32_BIT_CONVERSION = YES;
				GCC_WARN_ABOUT_RETURN_TYPE = YES_ERROR;
				GCC_WARN_UNDECLARED_SELECTOR = YES;
				GCC_WARN_UNINITIALIZED_AUTOS = YES_AGGRESSIVE;
				GCC_WARN_UNUSED_FUNCTION = YES;
				GCC_WARN_UNUSED_VARIABLE = YES;
				IPHONEOS_DEPLOYMENT_TARGET = 16.4;
				MTL_ENABLE_DEBUG_INFO = INCLUDE_SOURCE;
				MTL_FAST_MATH = YES;
				ONLY_ACTIVE_ARCH = YES;
				SDKROOT = iphoneos;
				SWIFT_ACTIVE_COMPILATION_CONDITIONS = DEBUG;
				SWIFT_OPTIMIZATION_LEVEL = "-Onone";
			};
			name = Debug;
		};
		C81E75BF2B3F7D9200F0DC6B /* Release */ = {
			isa = XCBuildConfiguration;
			buildSettings = {
				ALWAYS_SEARCH_USER_PATHS = NO;
				CLANG_ANALYZER_NONNULL = YES;
				CLANG_ANALYZER_NUMBER_OBJECT_CONVERSION = YES_AGGRESSIVE;
				CLANG_CXX_LANGUAGE_STANDARD = "gnu++20";
				CLANG_ENABLE_MODULES = YES;
				CLANG_ENABLE_OBJC_ARC = YES;
				CLANG_ENABLE_OBJC_WEAK = YES;
				CLANG_WARN_BLOCK_CAPTURE_AUTORELEASING = YES;
				CLANG_WARN_BOOL_CONVERSION = YES;
				CLANG_WARN_COMMA = YES;
				CLANG_WARN_CONSTANT_CONVERSION = YES;
				CLANG_WARN_DEPRECATED_OBJC_IMPLEMENTATIONS = YES;
				CLANG_WARN_DIRECT_OBJC_ISA_USAGE = YES_ERROR;
				CLANG_WARN_DOCUMENTATION_COMMENTS = YES;
				CLANG_WARN_EMPTY_BODY = YES;
				CLANG_WARN_ENUM_CONVERSION = YES;
				CLANG_WARN_INFINITE_RECURSION = YES;
				CLANG_WARN_INT_CONVERSION = YES;
				CLANG_WARN_NON_LITERAL_NULL_CONVERSION = YES;
				CLANG_WARN_OBJC_IMPLICIT_RETAIN_SELF = YES;
				CLANG_WARN_OBJC_LITERAL_CONVERSION = YES;
				CLANG_WARN_OBJC_ROOT_CLASS = YES_ERROR;
				CLANG_WARN_QUOTED_INCLUDE_IN_FRAMEWORK_HEADER = YES;
				CLANG_WARN_RANGE_LOOP_ANALYSIS = YES;
				CLANG_WARN_STRICT_PROTOTYPES = YES;
				CLANG_WARN_SUSPICIOUS_MOVE = YES;
				CLANG_WARN_UNGUARDED_AVAILABILITY = YES_AGGRESSIVE;
				CLANG_WARN_UNREACHABLE_CODE = YES;
				CLANG_WARN__DUPLICATE_METHOD_MATCH = YES;
				COPY_PHASE_STRIP = NO;
				DEBUG_INFORMATION_FORMAT = "dwarf-with-dsym";
				ENABLE_NS_ASSERTIONS = NO;
				ENABLE_STRICT_OBJC_MSGSEND = YES;
				GCC_C_LANGUAGE_STANDARD = gnu11;
				GCC_NO_COMMON_BLOCKS = YES;
				GCC_WARN_64_TO_32_BIT_CONVERSION = YES;
				GCC_WARN_ABOUT_RETURN_TYPE = YES_ERROR;
				GCC_WARN_UNDECLARED_SELECTOR = YES;
				GCC_WARN_UNINITIALIZED_AUTOS = YES_AGGRESSIVE;
				GCC_WARN_UNUSED_FUNCTION = YES;
				GCC_WARN_UNUSED_VARIABLE = YES;
				IPHONEOS_DEPLOYMENT_TARGET = 16.4;
				MTL_ENABLE_DEBUG_INFO = NO;
				MTL_FAST_MATH = YES;
				SDKROOT = iphoneos;
				SWIFT_COMPILATION_MODE = wholemodule;
				SWIFT_OPTIMIZATION_LEVEL = "-O";
				VALIDATE_PRODUCT = YES;
			};
			name = Release;
		};
		C81E75C12B3F7D9200F0DC6B /* Debug */ = {
			isa = XCBuildConfiguration;
			buildSettings = {
				ASSETCATALOG_COMPILER_APPICON_NAME = AppIcon;
				ASSETCATALOG_COMPILER_GLOBAL_ACCENT_COLOR_NAME = AccentColor;
				CODE_SIGN_STYLE = Automatic;
				CURRENT_PROJECT_VERSION = 1;
				DEVELOPMENT_TEAM = 8MUTKC7BV7;
				GENERATE_INFOPLIST_FILE = YES;
				INFOPLIST_FILE = OfficialReachabilityDemo/Info.plist;
				INFOPLIST_KEY_UIApplicationSupportsIndirectInputEvents = YES;
				INFOPLIST_KEY_UILaunchStoryboardName = LaunchScreen;
				INFOPLIST_KEY_UIMainStoryboardFile = Main;
				INFOPLIST_KEY_UISupportedInterfaceOrientations_iPad = "UIInterfaceOrientationPortrait UIInterfaceOrientationPortraitUpsideDown UIInterfaceOrientationLandscapeLeft UIInterfaceOrientationLandscapeRight";
				INFOPLIST_KEY_UISupportedInterfaceOrientations_iPhone = "UIInterfaceOrientationPortrait UIInterfaceOrientationLandscapeLeft UIInterfaceOrientationLandscapeRight";
				LD_RUNPATH_SEARCH_PATHS = (
					"$(inherited)",
					"@executable_path/Frameworks",
				);
				MARKETING_VERSION = 1.0;
				PRODUCT_BUNDLE_IDENTIFIER = cleopatra.OfficialReachabilityDemo;
				PRODUCT_NAME = "$(TARGET_NAME)";
				SWIFT_EMIT_LOC_STRINGS = YES;
				SWIFT_VERSION = 5.0;
				TARGETED_DEVICE_FAMILY = "1,2";
			};
			name = Debug;
		};
		C81E75C22B3F7D9200F0DC6B /* Release */ = {
			isa = XCBuildConfiguration;
			buildSettings = {
				ASSETCATALOG_COMPILER_APPICON_NAME = AppIcon;
				ASSETCATALOG_COMPILER_GLOBAL_ACCENT_COLOR_NAME = AccentColor;
				CODE_SIGN_STYLE = Automatic;
				CURRENT_PROJECT_VERSION = 1;
				DEVELOPMENT_TEAM = 8MUTKC7BV7;
				GENERATE_INFOPLIST_FILE = YES;
				INFOPLIST_FILE = OfficialReachabilityDemo/Info.plist;
				INFOPLIST_KEY_UIApplicationSupportsIndirectInputEvents = YES;
				INFOPLIST_KEY_UILaunchStoryboardName = LaunchScreen;
				INFOPLIST_KEY_UIMainStoryboardFile = Main;
				INFOPLIST_KEY_UISupportedInterfaceOrientations_iPad = "UIInterfaceOrientationPortrait UIInterfaceOrientationPortraitUpsideDown UIInterfaceOrientationLandscapeLeft UIInterfaceOrientationLandscapeRight";
				INFOPLIST_KEY_UISupportedInterfaceOrientations_iPhone = "UIInterfaceOrientationPortrait UIInterfaceOrientationLandscapeLeft UIInterfaceOrientationLandscapeRight";
				LD_RUNPATH_SEARCH_PATHS = (
					"$(inherited)",
					"@executable_path/Frameworks",
				);
				MARKETING_VERSION = 1.0;
				PRODUCT_BUNDLE_IDENTIFIER = cleopatra.OfficialReachabilityDemo;
				PRODUCT_NAME = "$(TARGET_NAME)";
				SWIFT_EMIT_LOC_STRINGS = YES;
				SWIFT_VERSION = 5.0;
				TARGETED_DEVICE_FAMILY = "1,2";
			};
			name = Release;
		};
		C81E75C42B3F7D9200F0DC6B /* Debug */ = {
			isa = XCBuildConfiguration;
			buildSettings = {
				ALWAYS_EMBED_SWIFT_STANDARD_LIBRARIES = YES;
				BUNDLE_LOADER = "$(TEST_HOST)";
				CODE_SIGN_STYLE = Automatic;
				CURRENT_PROJECT_VERSION = 1;
				DEVELOPMENT_TEAM = 8MUTKC7BV7;
				GENERATE_INFOPLIST_FILE = YES;
				IPHONEOS_DEPLOYMENT_TARGET = 16.4;
				MARKETING_VERSION = 1.0;
				PRODUCT_BUNDLE_IDENTIFIER = cleopatra.OfficialReachabilityDemoTests;
				PRODUCT_NAME = "$(TARGET_NAME)";
				SWIFT_EMIT_LOC_STRINGS = NO;
				SWIFT_VERSION = 5.0;
				TARGETED_DEVICE_FAMILY = "1,2";
				TEST_HOST = "$(BUILT_PRODUCTS_DIR)/OfficialReachabilityDemo.app/$(BUNDLE_EXECUTABLE_FOLDER_PATH)/OfficialReachabilityDemo";
			};
			name = Debug;
		};
		C81E75C52B3F7D9200F0DC6B /* Release */ = {
			isa = XCBuildConfiguration;
			buildSettings = {
				ALWAYS_EMBED_SWIFT_STANDARD_LIBRARIES = YES;
				BUNDLE_LOADER = "$(TEST_HOST)";
				CODE_SIGN_STYLE = Automatic;
				CURRENT_PROJECT_VERSION = 1;
				DEVELOPMENT_TEAM = 8MUTKC7BV7;
				GENERATE_INFOPLIST_FILE = YES;
				IPHONEOS_DEPLOYMENT_TARGET = 16.4;
				MARKETING_VERSION = 1.0;
				PRODUCT_BUNDLE_IDENTIFIER = cleopatra.OfficialReachabilityDemoTests;
				PRODUCT_NAME = "$(TARGET_NAME)";
				SWIFT_EMIT_LOC_STRINGS = NO;
				SWIFT_VERSION = 5.0;
				TARGETED_DEVICE_FAMILY = "1,2";
				TEST_HOST = "$(BUILT_PRODUCTS_DIR)/OfficialReachabilityDemo.app/$(BUNDLE_EXECUTABLE_FOLDER_PATH)/OfficialReachabilityDemo";
			};
			name = Release;
		};
		C81E75C72B3F7D9200F0DC6B /* Debug */ = {
			isa = XCBuildConfiguration;
			buildSettings = {
				ALWAYS_EMBED_SWIFT_STANDARD_LIBRARIES = YES;
				CODE_SIGN_STYLE = Automatic;
				CURRENT_PROJECT_VERSION = 1;
				DEVELOPMENT_TEAM = 8MUTKC7BV7;
				GENERATE_INFOPLIST_FILE = YES;
				MARKETING_VERSION = 1.0;
				PRODUCT_BUNDLE_IDENTIFIER = cleopatra.OfficialReachabilityDemoUITests;
				PRODUCT_NAME = "$(TARGET_NAME)";
				SWIFT_EMIT_LOC_STRINGS = NO;
				SWIFT_VERSION = 5.0;
				TARGETED_DEVICE_FAMILY = "1,2";
				TEST_TARGET_NAME = OfficialReachabilityDemo;
			};
			name = Debug;
		};
		C81E75C82B3F7D9200F0DC6B /* Release */ = {
			isa = XCBuildConfiguration;
			buildSettings = {
				ALWAYS_EMBED_SWIFT_STANDARD_LIBRARIES = YES;
				CODE_SIGN_STYLE = Automatic;
				CURRENT_PROJECT_VERSION = 1;
				DEVELOPMENT_TEAM = 8MUTKC7BV7;
				GENERATE_INFOPLIST_FILE = YES;
				MARKETING_VERSION = 1.0;
				PRODUCT_BUNDLE_IDENTIFIER = cleopatra.OfficialReachabilityDemoUITests;
				PRODUCT_NAME = "$(TARGET_NAME)";
				SWIFT_EMIT_LOC_STRINGS = NO;
				SWIFT_VERSION = 5.0;
				TARGETED_DEVICE_FAMILY = "1,2";
				TEST_TARGET_NAME = OfficialReachabilityDemo;
			};
			name = Release;
		};
/* End XCBuildConfiguration section */

/* Begin XCConfigurationList section */
		C81E75912B3F7D9100F0DC6B /* Build configuration list for PBXProject "OfficialReachabilityDemo" */ = {
			isa = XCConfigurationList;
			buildConfigurations = (
				C81E75BE2B3F7D9200F0DC6B /* Debug */,
				C81E75BF2B3F7D9200F0DC6B /* Release */,
			);
			defaultConfigurationIsVisible = 0;
			defaultConfigurationName = Release;
		};
		C81E75C02B3F7D9200F0DC6B /* Build configuration list for PBXNativeTarget "OfficialReachabilityDemo" */ = {
			isa = XCConfigurationList;
			buildConfigurations = (
				C81E75C12B3F7D9200F0DC6B /* Debug */,
				C81E75C22B3F7D9200F0DC6B /* Release */,
			);
			defaultConfigurationIsVisible = 0;
			defaultConfigurationName = Release;
		};
		C81E75C32B3F7D9200F0DC6B /* Build configuration list for PBXNativeTarget "OfficialReachabilityDemoTests" */ = {
			isa = XCConfigurationList;
			buildConfigurations = (
				C81E75C42B3F7D9200F0DC6B /* Debug */,
				C81E75C52B3F7D9200F0DC6B /* Release */,
			);
			defaultConfigurationIsVisible = 0;
			defaultConfigurationName = Release;
		};
		C81E75C62B3F7D9200F0DC6B /* Build configuration list for PBXNativeTarget "OfficialReachabilityDemoUITests" */ = {
			isa = XCConfigurationList;
			buildConfigurations = (
				C81E75C72B3F7D9200F0DC6B /* Debug */,
				C81E75C82B3F7D9200F0DC6B /* Release */,
			);
			defaultConfigurationIsVisible = 0;
			defaultConfigurationName = Release;
		};
/* End XCConfigurationList section */

/* Begin XCRemoteSwiftPackageReference section */
		C81E75C92B3F7DF200F0DC6B /* XCRemoteSwiftPackageReference "Reachability" */ = {
			isa = XCRemoteSwiftPackageReference;
			repositoryURL = "https://github.com/ashleymills/Reachability.swift";
			requirement = {
				branch = master;
				kind = branch;
			};
		};
/* End XCRemoteSwiftPackageReference section */

/* Begin XCSwiftPackageProductDependency section */
		C81E75CA2B3F7DF200F0DC6B /* Reachability */ = {
			isa = XCSwiftPackageProductDependency;
			package = C81E75C92B3F7DF200F0DC6B /* XCRemoteSwiftPackageReference "Reachability" */;
			productName = Reachability;
		};
/* End XCSwiftPackageProductDependency section */
	};
	rootObject = C81E758E2B3F7D9100F0DC6B /* Project object */;
}
